github.com/nullitics/nullitics v0.0.0-20220513114112-3cfbd4af124b h1:RtXd2rdi+Sbtxlnp7sKrNXNH6opGtZ9o7TRyvb7tHt0=
github.com/nullitics/nullitics v0.0.0-20220513114112-3cfbd4af124b/go.mod h1:NpymnrUD0Nn9MGsEDEfnQyjzdBNLNDcCRY485dzJpBY=
github.com/tomwright/queryparam/v4 v4.1.0 h1:gbJpCDgBwLuONFPiyLocEmnSKK4ZXxr210u/SBdRTig=
github.com/tomwright/queryparam/v4 v4.1.0/go.mod h1:3sUgX1Kc0ABRc/7Q2LPKJyyYshm9P7VJPYTfvUbiatA=
